
Microsoft Visual Studio Solution File, Format Version 12.00
# Visual Studio Version 17
VisualStudioVersion = 17.13.35617.110 d17.13
MinimumVisualStudioVersion = 10.0.40219.1
Project("{FAE04EC0-301F-11D3-BF4B-00C04F79EFBC}") = "DsAlRankToGlory", "DsAlRankToGlory\DsAlRankToGlory.csproj", "{D9393995-332B-4398-8294-22E0C8C2622D}"
EndProject
Project("{FAE04EC0-301F-11D3-BF4B-00C04F79EFBC}") = "DsAlRankToGlory.Tests", "DsAlRankToGlory.Tests\DsAlRankToGlory.Tests.csproj", "{873AB9E8-A4BE-4166-A81D-2BAA79D1E376}"
EndProject
Project("{2150E333-8FDC-42A3-9474-1A3956D46DE8}") = "SolutionFolder", "SolutionFolder", "{D3F0BD93-09D4-4B10-86EC-32ED5F054724}"
	ProjectSection(SolutionItems) = preProject
		..\README.md = ..\README.md
		..\.gitignore = ..\.gitignore
	EndProjectSection
EndProject
Global
	GlobalSection(SolutionConfigurationPlatforms) = preSolution
		Debug|Any CPU = Debug|Any CPU
		Release|Any CPU = Release|Any CPU
	EndGlobalSection
	GlobalSection(ProjectConfigurationPlatforms) = postSolution
		{D9393995-332B-4398-8294-22E0C8C2622D}.Debug|Any CPU.ActiveCfg = Debug|Any CPU
		{D9393995-332B-4398-8294-22E0C8C2622D}.Debug|Any CPU.Build.0 = Debug|Any CPU
		{D9393995-332B-4398-8294-22E0C8C2622D}.Release|Any CPU.ActiveCfg = Release|Any CPU
		{D9393995-332B-4398-8294-22E0C8C2622D}.Release|Any CPU.Build.0 = Release|Any CPU
		{873AB9E8-A4BE-4166-A81D-2BAA79D1E376}.Debug|Any CPU.ActiveCfg = Debug|Any CPU
		{873AB9E8-A4BE-4166-A81D-2BAA79D1E376}.Debug|Any CPU.Build.0 = Debug|Any CPU
		{873AB9E8-A4BE-4166-A81D-2BAA79D1E376}.Release|Any CPU.ActiveCfg = Release|Any CPU
		{873AB9E8-A4BE-4166-A81D-2BAA79D1E376}.Release|Any CPU.Build.0 = Release|Any CPU
	EndGlobalSection
	GlobalSection(SolutionProperties) = preSolution
		HideSolutionNode = FALSE
	EndGlobalSection
	GlobalSection(ExtensibilityGlobals) = postSolution
		SolutionGuid = {3DBE601F-FF52-46C6-A535-9C8D90EAE3B6}
	EndGlobalSection
EndGlobal
